// !$*UTF8*$!
{
	archiveVersion = 1;
	classes = {
	};
	objectVersion = 46;
	objects = {

/* Begin PBXBuildFile section */
		D726D60B1B00CBC2006DC7D7 /* main.m in Sources */ = {isa = PBXBuildFile; fileRef = D726D60A1B00CBC2006DC7D7 /* main.m */; };
		D726D60E1B00CBC2006DC7D7 /* AppDelegate.m in Sources */ = {isa = PBXBuildFile; fileRef = D726D60D1B00CBC2006DC7D7 /* AppDelegate.m */; };
		D726D6141B00CBC2006DC7D7 /* Main.storyboard in Resources */ = {isa = PBXBuildFile; fileRef = D726D6121B00CBC2006DC7D7 /* Main.storyboard */; };
		D726D6161B00CBC2006DC7D7 /* Images.xcassets in Resources */ = {isa = PBXBuildFile; fileRef = D726D6151B00CBC2006DC7D7 /* Images.xcassets */; };
		D726D6191B00CBC2006DC7D7 /* LaunchScreen.xib in Resources */ = {isa = PBXBuildFile; fileRef = D726D6171B00CBC2006DC7D7 /* LaunchScreen.xib */; };
		D726D6251B00CBC2006DC7D7 /* supervisionTests.m in Sources */ = {isa = PBXBuildFile; fileRef = D726D6241B00CBC2006DC7D7 /* supervisionTests.m */; };
		D726D6301B00CD9F006DC7D7 /* mapViewController.m in Sources */ = {isa = PBXBuildFile; fileRef = D726D62F1B00CD9F006DC7D7 /* mapViewController.m */; };
		D726D6331B00D110006DC7D7 /* titleView.m in Sources */ = {isa = PBXBuildFile; fileRef = D726D6321B00D110006DC7D7 /* titleView.m */; };
		D726D6361B00E3FF006DC7D7 /* cityTableViewController.m in Sources */ = {isa = PBXBuildFile; fileRef = D726D6351B00E3FF006DC7D7 /* cityTableViewController.m */; };
		D726D6391B00E7E7006DC7D7 /* AnnotationInMap.m in Sources */ = {isa = PBXBuildFile; fileRef = D726D6381B00E7E7006DC7D7 /* AnnotationInMap.m */; };
		D74FB11A1B023BFE00E647DB /* SystemConfiguration.framework in Frameworks */ = {isa = PBXBuildFile; fileRef = D74FB1191B023BFE00E647DB /* SystemConfiguration.framework */; };
		D74FB11D1B023C8200E647DB /* Reachability.m in Sources */ = {isa = PBXBuildFile; fileRef = D74FB11C1B023C8200E647DB /* Reachability.m */; };
		D78CE3AD1B049B5100CC82F0 /* QuartzCore.framework in Frameworks */ = {isa = PBXBuildFile; fileRef = D78CE3AC1B049B5100CC82F0 /* QuartzCore.framework */; };
		D78CE3AF1B049B5700CC82F0 /* UIKit.framework in Frameworks */ = {isa = PBXBuildFile; fileRef = D78CE3AE1B049B5700CC82F0 /* UIKit.framework */; };
		D78CE3B11B049B5C00CC82F0 /* Foundation.framework in Frameworks */ = {isa = PBXBuildFile; fileRef = D78CE3B01B049B5C00CC82F0 /* Foundation.framework */; };
		D78CE3B31B049B6300CC82F0 /* CoreGraphics.framework in Frameworks */ = {isa = PBXBuildFile; fileRef = D78CE3B21B049B6300CC82F0 /* CoreGraphics.framework */; };
		D78CE3BA1B049C1D00CC82F0 /* MJPopupBackgroundView.m in Sources */ = {isa = PBXBuildFile; fileRef = D78CE3B71B049C1D00CC82F0 /* MJPopupBackgroundView.m */; };
		D78CE3BB1B049C1D00CC82F0 /* UIViewController+MJPopupViewController.m in Sources */ = {isa = PBXBuildFile; fileRef = D78CE3B91B049C1D00CC82F0 /* UIViewController+MJPopupViewController.m */; };
		D798E58C1B020E80004F47DE /* AFHTTPRequestOperation.m in Sources */ = {isa = PBXBuildFile; fileRef = D798E57A1B020E80004F47DE /* AFHTTPRequestOperation.m */; };
		D798E58D1B020E80004F47DE /* AFHTTPRequestOperationManager.m in Sources */ = {isa = PBXBuildFile; fileRef = D798E57C1B020E80004F47DE /* AFHTTPRequestOperationManager.m */; };
		D798E58E1B020E80004F47DE /* AFHTTPSessionManager.m in Sources */ = {isa = PBXBuildFile; fileRef = D798E57E1B020E80004F47DE /* AFHTTPSessionManager.m */; };
		D798E58F1B020E80004F47DE /* AFNetworkReachabilityManager.m in Sources */ = {isa = PBXBuildFile; fileRef = D798E5811B020E80004F47DE /* AFNetworkReachabilityManager.m */; };
		D798E5901B020E80004F47DE /* AFSecurityPolicy.m in Sources */ = {isa = PBXBuildFile; fileRef = D798E5831B020E80004F47DE /* AFSecurityPolicy.m */; };
		D798E5911B020E80004F47DE /* AFURLConnectionOperation.m in Sources */ = {isa = PBXBuildFile; fileRef = D798E5851B020E80004F47DE /* AFURLConnectionOperation.m */; };
		D798E5921B020E80004F47DE /* AFURLRequestSerialization.m in Sources */ = {isa = PBXBuildFile; fileRef = D798E5871B020E80004F47DE /* AFURLRequestSerialization.m */; };
		D798E5931B020E80004F47DE /* AFURLResponseSerialization.m in Sources */ = {isa = PBXBuildFile; fileRef = D798E5891B020E80004F47DE /* AFURLResponseSerialization.m */; };
		D798E5941B020E80004F47DE /* AFURLSessionManager.m in Sources */ = {isa = PBXBuildFile; fileRef = D798E58B1B020E80004F47DE /* AFURLSessionManager.m */; };
		D798E5971B020E8A004F47DE /* myNetworking.m in Sources */ = {isa = PBXBuildFile; fileRef = D798E5961B020E8A004F47DE /* myNetworking.m */; };
		D7A9ED9A1B06EED2006BC893 /* backButtonView.m in Sources */ = {isa = PBXBuildFile; fileRef = D7A9ED991B06EED2006BC893 /* backButtonView.m */; };
		D7B3E1871B0608BD00A44864 /* MJSecondDetailViewController.m in Sources */ = {isa = PBXBuildFile; fileRef = D7B3E1851B0608BD00A44864 /* MJSecondDetailViewController.m */; };
		D7B3E1881B0608BD00A44864 /* MJSecondDetailViewController.xib in Resources */ = {isa = PBXBuildFile; fileRef = D7B3E1861B0608BD00A44864 /* MJSecondDetailViewController.xib */; };
		D7B3E18B1B0634C500A44864 /* DejalActivityView.m in Sources */ = {isa = PBXBuildFile; fileRef = D7B3E18A1B0634C500A44864 /* DejalActivityView.m */; };
		D7B3E1951B063F5C00A44864 /* startUp.m in Sources */ = {isa = PBXBuildFile; fileRef = D7B3E1941B063F5C00A44864 /* startUp.m */; };
/* End PBXBuildFile section */

/* Begin PBXContainerItemProxy section */
		D726D61F1B00CBC2006DC7D7 /* PBXContainerItemProxy */ = {
			isa = PBXContainerItemProxy;
			containerPortal = D726D5FD1B00CBC2006DC7D7 /* Project object */;
			proxyType = 1;
			remoteGlobalIDString = D726D6041B00CBC2006DC7D7;
			remoteInfo = supervision;
		};
/* End PBXContainerItemProxy section */

/* Begin PBXFileReference section */
		D726D6051B00CBC2006DC7D7 /* supervision.app */ = {isa = PBXFileReference; explicitFileType = wrapper.application; includeInIndex = 0; path = supervision.app; sourceTree = BUILT_PRODUCTS_DIR; };
		D726D6091B00CBC2006DC7D7 /* Info.plist */ = {isa = PBXFileReference; lastKnownFileType = text.plist.xml; path = Info.plist; sourceTree = "<group>"; };
		D726D60A1B00CBC2006DC7D7 /* main.m */ = {isa = PBXFileReference; lastKnownFileType = sourcecode.c.objc; path = main.m; sourceTree = "<group>"; };
		D726D60C1B00CBC2006DC7D7 /* AppDelegate.h */ = {isa = PBXFileReference; lastKnownFileType = sourcecode.c.h; path = AppDelegate.h; sourceTree = "<group>"; };
		D726D60D1B00CBC2006DC7D7 /* AppDelegate.m */ = {isa = PBXFileReference; lastKnownFileType = sourcecode.c.objc; path = AppDelegate.m; sourceTree = "<group>"; };
		D726D6131B00CBC2006DC7D7 /* Base */ = {isa = PBXFileReference; lastKnownFileType = file.storyboard; name = Base; path = Base.lproj/Main.storyboard; sourceTree = "<group>"; };
		D726D6151B00CBC2006DC7D7 /* Images.xcassets */ = {isa = PBXFileReference; lastKnownFileType = folder.assetcatalog; path = Images.xcassets; sourceTree = "<group>"; };
		D726D6181B00CBC2006DC7D7 /* Base */ = {isa = PBXFileReference; lastKnownFileType = file.xib; name = Base; path = Base.lproj/LaunchScreen.xib; sourceTree = "<group>"; };
		D726D61E1B00CBC2006DC7D7 /* supervisionTests.xctest */ = {isa = PBXFileReference; explicitFileType = wrapper.cfbundle; includeInIndex = 0; path = supervisionTests.xctest; sourceTree = BUILT_PRODUCTS_DIR; };
		D726D6231B00CBC2006DC7D7 /* Info.plist */ = {isa = PBXFileReference; lastKnownFileType = text.plist.xml; path = Info.plist; sourceTree = "<group>"; };
		D726D6241B00CBC2006DC7D7 /* supervisionTests.m */ = {isa = PBXFileReference; lastKnownFileType = sourcecode.c.objc; path = supervisionTests.m; sourceTree = "<group>"; };
		D726D62E1B00CD9F006DC7D7 /* mapViewController.h */ = {isa = PBXFileReference; fileEncoding = 4; lastKnownFileType = sourcecode.c.h; path = mapViewController.h; sourceTree = "<group>"; };
		D726D62F1B00CD9F006DC7D7 /* mapViewController.m */ = {isa = PBXFileReference; fileEncoding = 4; lastKnownFileType = sourcecode.c.objc; path = mapViewController.m; sourceTree = "<group>"; };
		D726D6311B00D110006DC7D7 /* titleView.h */ = {isa = PBXFileReference; fileEncoding = 4; lastKnownFileType = sourcecode.c.h; path = titleView.h; sourceTree = "<group>"; };
		D726D6321B00D110006DC7D7 /* titleView.m */ = {isa = PBXFileReference; fileEncoding = 4; lastKnownFileType = sourcecode.c.objc; path = titleView.m; sourceTree = "<group>"; };
		D726D6341B00E3FF006DC7D7 /* cityTableViewController.h */ = {isa = PBXFileReference; fileEncoding = 4; lastKnownFileType = sourcecode.c.h; path = cityTableViewController.h; sourceTree = "<group>"; };
		D726D6351B00E3FF006DC7D7 /* cityTableViewController.m */ = {isa = PBXFileReference; fileEncoding = 4; lastKnownFileType = sourcecode.c.objc; path = cityTableViewController.m; sourceTree = "<group>"; };
		D726D6371B00E7E7006DC7D7 /* AnnotationInMap.h */ = {isa = PBXFileReference; fileEncoding = 4; lastKnownFileType = sourcecode.c.h; path = AnnotationInMap.h; sourceTree = "<group>"; };
		D726D6381B00E7E7006DC7D7 /* AnnotationInMap.m */ = {isa = PBXFileReference; fileEncoding = 4; lastKnownFileType = sourcecode.c.objc; path = AnnotationInMap.m; sourceTree = "<group>"; };
		D74FB1191B023BFE00E647DB /* SystemConfiguration.framework */ = {isa = PBXFileReference; lastKnownFileType = wrapper.framework; name = SystemConfiguration.framework; path = System/Library/Frameworks/SystemConfiguration.framework; sourceTree = SDKROOT; };
		D74FB11B1B023C8200E647DB /* Reachability.h */ = {isa = PBXFileReference; fileEncoding = 4; lastKnownFileType = sourcecode.c.h; path = Reachability.h; sourceTree = "<group>"; };
		D74FB11C1B023C8200E647DB /* Reachability.m */ = {isa = PBXFileReference; fileEncoding = 4; lastKnownFileType = sourcecode.c.objc; path = Reachability.m; sourceTree = "<group>"; };
		D78CE3AC1B049B5100CC82F0 /* QuartzCore.framework */ = {isa = PBXFileReference; lastKnownFileType = wrapper.framework; name = QuartzCore.framework; path = System/Library/Frameworks/QuartzCore.framework; sourceTree = SDKROOT; };
		D78CE3AE1B049B5700CC82F0 /* UIKit.framework */ = {isa = PBXFileReference; lastKnownFileType = wrapper.framework; name = UIKit.framework; path = System/Library/Frameworks/UIKit.framework; sourceTree = SDKROOT; };
		D78CE3B01B049B5C00CC82F0 /* Foundation.framework */ = {isa = PBXFileReference; lastKnownFileType = wrapper.framework; name = Foundation.framework; path = System/Library/Frameworks/Foundation.framework; sourceTree = SDKROOT; };
		D78CE3B21B049B6300CC82F0 /* CoreGraphics.framework */ = {isa = PBXFileReference; lastKnownFileType = wrapper.framework; name = CoreGraphics.framework; path = System/Library/Frameworks/CoreGraphics.framework; sourceTree = SDKROOT; };
		D78CE3B61B049C1D00CC82F0 /* MJPopupBackgroundView.h */ = {isa = PBXFileReference; fileEncoding = 4; lastKnownFileType = sourcecode.c.h; name = MJPopupBackgroundView.h; path = "../../../../Downloads/safari-download/PopupViewController/Source/MJPopupBackgroundView.h"; sourceTree = "<group>"; };
		D78CE3B71B049C1D00CC82F0 /* MJPopupBackgroundView.m */ = {isa = PBXFileReference; fileEncoding = 4; lastKnownFileType = sourcecode.c.objc; name = MJPopupBackgroundView.m; path = "../../../../Downloads/safari-download/PopupViewController/Source/MJPopupBackgroundView.m"; sourceTree = "<group>"; };
		D78CE3B81B049C1D00CC82F0 /* UIViewController+MJPopupViewController.h */ = {isa = PBXFileReference; fileEncoding = 4; lastKnownFileType = sourcecode.c.h; name = "UIViewController+MJPopupViewController.h"; path = "../../../../Downloads/safari-download/PopupViewController/Source/UIViewController+MJPopupViewController.h"; sourceTree = "<group>"; };
		D78CE3B91B049C1D00CC82F0 /* UIViewController+MJPopupViewController.m */ = {isa = PBXFileReference; fileEncoding = 4; lastKnownFileType = sourcecode.c.objc; name = "UIViewController+MJPopupViewController.m"; path = "../../../../Downloads/safari-download/PopupViewController/Source/UIViewController+MJPopupViewController.m"; sourceTree = "<group>"; };
		D798E5791B020E80004F47DE /* AFHTTPRequestOperation.h */ = {isa = PBXFileReference; fileEncoding = 4; lastKnownFileType = sourcecode.c.h; path = AFHTTPRequestOperation.h; sourceTree = "<group>"; };
		D798E57A1B020E80004F47DE /* AFHTTPRequestOperation.m */ = {isa = PBXFileReference; fileEncoding = 4; lastKnownFileType = sourcecode.c.objc; path = AFHTTPRequestOperation.m; sourceTree = "<group>"; };
		D798E57B1B020E80004F47DE /* AFHTTPRequestOperationManager.h */ = {isa = PBXFileReference; fileEncoding = 4; lastKnownFileType = sourcecode.c.h; path = AFHTTPRequestOperationManager.h; sourceTree = "<group>"; };
		D798E57C1B020E80004F47DE /* AFHTTPRequestOperationManager.m */ = {isa = PBXFileReference; fileEncoding = 4; lastKnownFileType = sourcecode.c.objc; path = AFHTTPRequestOperationManager.m; sourceTree = "<group>"; };
		D798E57D1B020E80004F47DE /* AFHTTPSessionManager.h */ = {isa = PBXFileReference; fileEncoding = 4; lastKnownFileType = sourcecode.c.h; path = AFHTTPSessionManager.h; sourceTree = "<group>"; };
		D798E57E1B020E80004F47DE /* AFHTTPSessionManager.m */ = {isa = PBXFileReference; fileEncoding = 4; lastKnownFileType = sourcecode.c.objc; path = AFHTTPSessionManager.m; sourceTree = "<group>"; };
		D798E57F1B020E80004F47DE /* AFNetworking.h */ = {isa = PBXFileReference; fileEncoding = 4; lastKnownFileType = sourcecode.c.h; path = AFNetworking.h; sourceTree = "<group>"; };
		D798E5801B020E80004F47DE /* AFNetworkReachabilityManager.h */ = {isa = PBXFileReference; fileEncoding = 4; lastKnownFileType = sourcecode.c.h; path = AFNetworkReachabilityManager.h; sourceTree = "<group>"; };
		D798E5811B020E80004F47DE /* AFNetworkReachabilityManager.m */ = {isa = PBXFileReference; fileEncoding = 4; lastKnownFileType = sourcecode.c.objc; path = AFNetworkReachabilityManager.m; sourceTree = "<group>"; };
		D798E5821B020E80004F47DE /* AFSecurityPolicy.h */ = {isa = PBXFileReference; fileEncoding = 4; lastKnownFileType = sourcecode.c.h; path = AFSecurityPolicy.h; sourceTree = "<group>"; };
		D798E5831B020E80004F47DE /* AFSecurityPolicy.m */ = {isa = PBXFileReference; fileEncoding = 4; lastKnownFileType = sourcecode.c.objc; path = AFSecurityPolicy.m; sourceTree = "<group>"; };
		D798E5841B020E80004F47DE /* AFURLConnectionOperation.h */ = {isa = PBXFileReference; fileEncoding = 4; lastKnownFileType = sourcecode.c.h; path = AFURLConnectionOperation.h; sourceTree = "<group>"; };
		D798E5851B020E80004F47DE /* AFURLConnectionOperation.m */ = {isa = PBXFileReference; fileEncoding = 4; lastKnownFileType = sourcecode.c.objc; path = AFURLConnectionOperation.m; sourceTree = "<group>"; };
		D798E5861B020E80004F47DE /* AFURLRequestSerialization.h */ = {isa = PBXFileReference; fileEncoding = 4; lastKnownFileType = sourcecode.c.h; path = AFURLRequestSerialization.h; sourceTree = "<group>"; };
		D798E5871B020E80004F47DE /* AFURLRequestSerialization.m */ = {isa = PBXFileReference; fileEncoding = 4; lastKnownFileType = sourcecode.c.objc; path = AFURLRequestSerialization.m; sourceTree = "<group>"; };
		D798E5881B020E80004F47DE /* AFURLResponseSerialization.h */ = {isa = PBXFileReference; fileEncoding = 4; lastKnownFileType = sourcecode.c.h; path = AFURLResponseSerialization.h; sourceTree = "<group>"; };
		D798E5891B020E80004F47DE /* AFURLResponseSerialization.m */ = {isa = PBXFileReference; fileEncoding = 4; lastKnownFileType = sourcecode.c.objc; path = AFURLResponseSerialization.m; sourceTree = "<group>"; };
		D798E58A1B020E80004F47DE /* AFURLSessionManager.h */ = {isa = PBXFileReference; fileEncoding = 4; lastKnownFileType = sourcecode.c.h; path = AFURLSessionManager.h; sourceTree = "<group>"; };
		D798E58B1B020E80004F47DE /* AFURLSessionManager.m */ = {isa = PBXFileReference; fileEncoding = 4; lastKnownFileType = sourcecode.c.objc; path = AFURLSessionManager.m; sourceTree = "<group>"; };
		D798E5951B020E8A004F47DE /* myNetworking.h */ = {isa = PBXFileReference; fileEncoding = 4; lastKnownFileType = sourcecode.c.h; path = myNetworking.h; sourceTree = "<group>"; };
		D798E5961B020E8A004F47DE /* myNetworking.m */ = {isa = PBXFileReference; fileEncoding = 4; lastKnownFileType = sourcecode.c.objc; path = myNetworking.m; sourceTree = "<group>"; };
		D7A9ED981B06EED2006BC893 /* backButtonView.h */ = {isa = PBXFileReference; fileEncoding = 4; lastKnownFileType = sourcecode.c.h; path = backButtonView.h; sourceTree = "<group>"; };
		D7A9ED991B06EED2006BC893 /* backButtonView.m */ = {isa = PBXFileReference; fileEncoding = 4; lastKnownFileType = sourcecode.c.objc; path = backButtonView.m; sourceTree = "<group>"; };
		D7B3E1841B0608BD00A44864 /* MJSecondDetailViewController.h */ = {isa = PBXFileReference; fileEncoding = 4; lastKnownFileType = sourcecode.c.h; path = MJSecondDetailViewController.h; sourceTree = "<group>"; };
		D7B3E1851B0608BD00A44864 /* MJSecondDetailViewController.m */ = {isa = PBXFileReference; fileEncoding = 4; lastKnownFileType = sourcecode.c.objc; path = MJSecondDetailViewController.m; sourceTree = "<group>"; };
		D7B3E1861B0608BD00A44864 /* MJSecondDetailViewController.xib */ = {isa = PBXFileReference; fileEncoding = 4; lastKnownFileType = file.xib; path = MJSecondDetailViewController.xib; sourceTree = "<group>"; };
		D7B3E1891B0634C500A44864 /* DejalActivityView.h */ = {isa = PBXFileReference; fileEncoding = 4; lastKnownFileType = sourcecode.c.h; path = DejalActivityView.h; sourceTree = "<group>"; };
		D7B3E18A1B0634C500A44864 /* DejalActivityView.m */ = {isa = PBXFileReference; fileEncoding = 4; lastKnownFileType = sourcecode.c.objc; path = DejalActivityView.m; sourceTree = "<group>"; };
		D7B3E1931B063F5C00A44864 /* startUp.h */ = {isa = PBXFileReference; fileEncoding = 4; lastKnownFileType = sourcecode.c.h; path = startUp.h; sourceTree = "<group>"; };
		D7B3E1941B063F5C00A44864 /* startUp.m */ = {isa = PBXFileReference; fileEncoding = 4; lastKnownFileType = sourcecode.c.objc; path = startUp.m; sourceTree = "<group>"; };
/* End PBXFileReference section */

/* Begin PBXFrameworksBuildPhase section */
		D726D6021B00CBC2006DC7D7 /* Frameworks */ = {
			isa = PBXFrameworksBuildPhase;
			buildActionMask = 2147483647;
			files = (
				D78CE3B31B049B6300CC82F0 /* CoreGraphics.framework in Frameworks */,
				D78CE3B11B049B5C00CC82F0 /* Foundation.framework in Frameworks */,
				D78CE3AF1B049B5700CC82F0 /* UIKit.framework in Frameworks */,
				D78CE3AD1B049B5100CC82F0 /* QuartzCore.framework in Frameworks */,
				D74FB11A1B023BFE00E647DB /* SystemConfiguration.framework in Frameworks */,
			);
			runOnlyForDeploymentPostprocessing = 0;
		};
		D726D61B1B00CBC2006DC7D7 /* Frameworks */ = {
			isa = PBXFrameworksBuildPhase;
			buildActionMask = 2147483647;
			files = (
			);
			runOnlyForDeploymentPostprocessing = 0;
		};
/* End PBXFrameworksBuildPhase section */

/* Begin PBXGroup section */
		D726D5FC1B00CBC2006DC7D7 = {
			isa = PBXGroup;
			children = (
				D78CE3B21B049B6300CC82F0 /* CoreGraphics.framework */,
				D78CE3B01B049B5C00CC82F0 /* Foundation.framework */,
				D78CE3AE1B049B5700CC82F0 /* UIKit.framework */,
				D78CE3AC1B049B5100CC82F0 /* QuartzCore.framework */,
				D74FB1191B023BFE00E647DB /* SystemConfiguration.framework */,
				D726D6071B00CBC2006DC7D7 /* supervision */,
				D726D6211B00CBC2006DC7D7 /* supervisionTests */,
				D726D6061B00CBC2006DC7D7 /* Products */,
			);
			sourceTree = "<group>";
		};
		D726D6061B00CBC2006DC7D7 /* Products */ = {
			isa = PBXGroup;
			children = (
				D726D6051B00CBC2006DC7D7 /* supervision.app */,
				D726D61E1B00CBC2006DC7D7 /* supervisionTests.xctest */,
			);
			name = Products;
			sourceTree = "<group>";
		};
		D726D6071B00CBC2006DC7D7 /* supervision */ = {
			isa = PBXGroup;
			children = (
				D7B3E18C1B063E1F00A44864 /* start_up */,
				D726D60C1B00CBC2006DC7D7 /* AppDelegate.h */,
				D726D60D1B00CBC2006DC7D7 /* AppDelegate.m */,
				D726D62E1B00CD9F006DC7D7 /* mapViewController.h */,
				D726D62F1B00CD9F006DC7D7 /* mapViewController.m */,
				D726D6341B00E3FF006DC7D7 /* cityTableViewController.h */,
				D726D6351B00E3FF006DC7D7 /* cityTableViewController.m */,
				D78CE3B41B049B9000CC82F0 /* popUp */,
				D74FB11F1B0241B200E647DB /* assist */,
				D74FB11E1B02418500E647DB /* util */,
				D726D6121B00CBC2006DC7D7 /* Main.storyboard */,
				D726D6151B00CBC2006DC7D7 /* Images.xcassets */,
				D726D6171B00CBC2006DC7D7 /* LaunchScreen.xib */,
				D726D6081B00CBC2006DC7D7 /* Supporting Files */,
			);
			path = supervision;
			sourceTree = "<group>";
		};
		D726D6081B00CBC2006DC7D7 /* Supporting Files */ = {
			isa = PBXGroup;
			children = (
				D726D6091B00CBC2006DC7D7 /* Info.plist */,
				D726D60A1B00CBC2006DC7D7 /* main.m */,
			);
			name = "Supporting Files";
			sourceTree = "<group>";
		};
		D726D6211B00CBC2006DC7D7 /* supervisionTests */ = {
			isa = PBXGroup;
			children = (
				D726D6241B00CBC2006DC7D7 /* supervisionTests.m */,
				D726D6221B00CBC2006DC7D7 /* Supporting Files */,
			);
			path = supervisionTests;
			sourceTree = "<group>";
		};
		D726D6221B00CBC2006DC7D7 /* Supporting Files */ = {
			isa = PBXGroup;
			children = (
				D726D6231B00CBC2006DC7D7 /* Info.plist */,
			);
			name = "Supporting Files";
			sourceTree = "<group>";
		};
		D74FB11E1B02418500E647DB /* util */ = {
			isa = PBXGroup;
			children = (
				D7B3E1891B0634C500A44864 /* DejalActivityView.h */,
				D7B3E18A1B0634C500A44864 /* DejalActivityView.m */,
				D798E5781B020E80004F47DE /* AFNetworking */,
				D74FB11B1B023C8200E647DB /* Reachability.h */,
				D74FB11C1B023C8200E647DB /* Reachability.m */,
			);
			name = util;
			sourceTree = "<group>";
		};
		D74FB11F1B0241B200E647DB /* assist */ = {
			isa = PBXGroup;
			children = (
				D726D6371B00E7E7006DC7D7 /* AnnotationInMap.h */,
				D726D6381B00E7E7006DC7D7 /* AnnotationInMap.m */,
				D726D6311B00D110006DC7D7 /* titleView.h */,
				D726D6321B00D110006DC7D7 /* titleView.m */,
				D798E5951B020E8A004F47DE /* myNetworking.h */,
				D798E5961B020E8A004F47DE /* myNetworking.m */,
				D7A9ED981B06EED2006BC893 /* backButtonView.h */,
				D7A9ED991B06EED2006BC893 /* backButtonView.m */,
			);
			name = assist;
			sourceTree = "<group>";
		};
		D78CE3B41B049B9000CC82F0 /* popUp */ = {
			isa = PBXGroup;
			children = (
				D78CE3BC1B049C2B00CC82F0 /* detail */,
				D78CE3B51B049C1200CC82F0 /* source */,
			);
			name = popUp;
			sourceTree = "<group>";
		};
		D78CE3B51B049C1200CC82F0 /* source */ = {
			isa = PBXGroup;
			children = (
				D78CE3B61B049C1D00CC82F0 /* MJPopupBackgroundView.h */,
				D78CE3B71B049C1D00CC82F0 /* MJPopupBackgroundView.m */,
				D78CE3B81B049C1D00CC82F0 /* UIViewController+MJPopupViewController.h */,
				D78CE3B91B049C1D00CC82F0 /* UIViewController+MJPopupViewController.m */,
			);
			name = source;
			sourceTree = "<group>";
		};
		D78CE3BC1B049C2B00CC82F0 /* detail */ = {
			isa = PBXGroup;
			children = (
				D7B3E1841B0608BD00A44864 /* MJSecondDetailViewController.h */,
				D7B3E1851B0608BD00A44864 /* MJSecondDetailViewController.m */,
				D7B3E1861B0608BD00A44864 /* MJSecondDetailViewController.xib */,
			);
			name = detail;
			sourceTree = "<group>";
		};
		D798E5781B020E80004F47DE /* AFNetworking */ = {
			isa = PBXGroup;
			children = (
				D798E5791B020E80004F47DE /* AFHTTPRequestOperation.h */,
				D798E57A1B020E80004F47DE /* AFHTTPRequestOperation.m */,
				D798E57B1B020E80004F47DE /* AFHTTPRequestOperationManager.h */,
				D798E57C1B020E80004F47DE /* AFHTTPRequestOperationManager.m */,
				D798E57D1B020E80004F47DE /* AFHTTPSessionManager.h */,
				D798E57E1B020E80004F47DE /* AFHTTPSessionManager.m */,
				D798E57F1B020E80004F47DE /* AFNetworking.h */,
				D798E5801B020E80004F47DE /* AFNetworkReachabilityManager.h */,
				D798E5811B020E80004F47DE /* AFNetworkReachabilityManager.m */,
				D798E5821B020E80004F47DE /* AFSecurityPolicy.h */,
				D798E5831B020E80004F47DE /* AFSecurityPolicy.m */,
				D798E5841B020E80004F47DE /* AFURLConnectionOperation.h */,
				D798E5851B020E80004F47DE /* AFURLConnectionOperation.m */,
				D798E5861B020E80004F47DE /* AFURLRequestSerialization.h */,
				D798E5871B020E80004F47DE /* AFURLRequestSerialization.m */,
				D798E5881B020E80004F47DE /* AFURLResponseSerialization.h */,
				D798E5891B020E80004F47DE /* AFURLResponseSerialization.m */,
				D798E58A1B020E80004F47DE /* AFURLSessionManager.h */,
				D798E58B1B020E80004F47DE /* AFURLSessionManager.m */,
			);
			path = AFNetworking;
			sourceTree = "<group>";
		};
		D7B3E18C1B063E1F00A44864 /* start_up */ = {
			isa = PBXGroup;
			children = (
				D7B3E1931B063F5C00A44864 /* startUp.h */,
				D7B3E1941B063F5C00A44864 /* startUp.m */,
			);
			name = start_up;
			sourceTree = "<group>";
		};
/* End PBXGroup section */

/* Begin PBXNativeTarget section */
		D726D6041B00CBC2006DC7D7 /* supervision */ = {
			isa = PBXNativeTarget;
			buildConfigurationList = D726D6281B00CBC2006DC7D7 /* Build configuration list for PBXNativeTarget "supervision" */;
			buildPhases = (
				D726D6011B00CBC2006DC7D7 /* Sources */,
				D726D6021B00CBC2006DC7D7 /* Frameworks */,
				D726D6031B00CBC2006DC7D7 /* Resources */,
			);
			buildRules = (
			);
			dependencies = (
			);
			name = supervision;
			productName = supervision;
			productReference = D726D6051B00CBC2006DC7D7 /* supervision.app */;
			productType = "com.apple.product-type.application";
		};
		D726D61D1B00CBC2006DC7D7 /* supervisionTests */ = {
			isa = PBXNativeTarget;
			buildConfigurationList = D726D62B1B00CBC2006DC7D7 /* Build configuration list for PBXNativeTarget "supervisionTests" */;
			buildPhases = (
				D726D61A1B00CBC2006DC7D7 /* Sources */,
				D726D61B1B00CBC2006DC7D7 /* Frameworks */,
				D726D61C1B00CBC2006DC7D7 /* Resources */,
			);
			buildRules = (
			);
			dependencies = (
				D726D6201B00CBC2006DC7D7 /* PBXTargetDependency */,
			);
			name = supervisionTests;
			productName = supervisionTests;
			productReference = D726D61E1B00CBC2006DC7D7 /* supervisionTests.xctest */;
			productType = "com.apple.product-type.bundle.unit-test";
		};
/* End PBXNativeTarget section */

/* Begin PBXProject section */
		D726D5FD1B00CBC2006DC7D7 /* Project object */ = {
			isa = PBXProject;
			attributes = {
				LastUpgradeCheck = 0630;
				ORGANIZATIONNAME = eidision;
				TargetAttributes = {
					D726D6041B00CBC2006DC7D7 = {
						CreatedOnToolsVersion = 6.3;
					};
					D726D61D1B00CBC2006DC7D7 = {
						CreatedOnToolsVersion = 6.3;
						TestTargetID = D726D6041B00CBC2006DC7D7;
					};
				};
			};
			buildConfigurationList = D726D6001B00CBC2006DC7D7 /* Build configuration list for PBXProject "supervision" */;
			compatibilityVersion = "Xcode 3.2";
			developmentRegion = English;
			hasScannedForEncodings = 0;
			knownRegions = (
				en,
				Base,
			);
			mainGroup = D726D5FC1B00CBC2006DC7D7;
			productRefGroup = D726D6061B00CBC2006DC7D7 /* Products */;
			projectDirPath = "";
			projectRoot = "";
			targets = (
				D726D6041B00CBC2006DC7D7 /* supervision */,
				D726D61D1B00CBC2006DC7D7 /* supervisionTests */,
			);
		};
/* End PBXProject section */

/* Begin PBXResourcesBuildPhase section */
		D726D6031B00CBC2006DC7D7 /* Resources */ = {
			isa = PBXResourcesBuildPhase;
			buildActionMask = 2147483647;
			files = (
				D7B3E1881B0608BD00A44864 /* MJSecondDetailViewController.xib in Resources */,
				D726D6141B00CBC2006DC7D7 /* Main.storyboard in Resources */,
				D726D6191B00CBC2006DC7D7 /* LaunchScreen.xib in Resources */,
				D726D6161B00CBC2006DC7D7 /* Images.xcassets in Resources */,
			);
			runOnlyForDeploymentPostprocessing = 0;
		};
		D726D61C1B00CBC2006DC7D7 /* Resources */ = {
			isa = PBXResourcesBuildPhase;
			buildActionMask = 2147483647;
			files = (
			);
			runOnlyForDeploymentPostprocessing = 0;
		};
/* End PBXResourcesBuildPhase section */

/* Begin PBXSourcesBuildPhase section */
		D726D6011B00CBC2006DC7D7 /* Sources */ = {
			isa = PBXSourcesBuildPhase;
			buildActionMask = 2147483647;
			files = (
				D78CE3BA1B049C1D00CC82F0 /* MJPopupBackgroundView.m in Sources */,
				D78CE3BB1B049C1D00CC82F0 /* UIViewController+MJPopupViewController.m in Sources */,
				D7B3E1871B0608BD00A44864 /* MJSecondDetailViewController.m in Sources */,
				D798E5941B020E80004F47DE /* AFURLSessionManager.m in Sources */,
				D726D6391B00E7E7006DC7D7 /* AnnotationInMap.m in Sources */,
				D726D60E1B00CBC2006DC7D7 /* AppDelegate.m in Sources */,
				D7B3E18B1B0634C500A44864 /* DejalActivityView.m in Sources */,
				D798E58F1B020E80004F47DE /* AFNetworkReachabilityManager.m in Sources */,
				D726D6301B00CD9F006DC7D7 /* mapViewController.m in Sources */,
				D798E5911B020E80004F47DE /* AFURLConnectionOperation.m in Sources */,
				D798E58E1B020E80004F47DE /* AFHTTPSessionManager.m in Sources */,
				D798E5971B020E8A004F47DE /* myNetworking.m in Sources */,
				D798E5921B020E80004F47DE /* AFURLRequestSerialization.m in Sources */,
				D726D6361B00E3FF006DC7D7 /* cityTableViewController.m in Sources */,
				D726D60B1B00CBC2006DC7D7 /* main.m in Sources */,
				D726D6331B00D110006DC7D7 /* titleView.m in Sources */,
				D798E58D1B020E80004F47DE /* AFHTTPRequestOperationManager.m in Sources */,
				D7B3E1951B063F5C00A44864 /* startUp.m in Sources */,
				D7A9ED9A1B06EED2006BC893 /* backButtonView.m in Sources */,
				D798E5901B020E80004F47DE /* AFSecurityPolicy.m in Sources */,
				D798E5931B020E80004F47DE /* AFURLResponseSerialization.m in Sources */,
				D798E58C1B020E80004F47DE /* AFHTTPRequestOperation.m in Sources */,
				D74FB11D1B023C8200E647DB /* Reachability.m in Sources */,
			);
			runOnlyForDeploymentPostprocessing = 0;
		};
		D726D61A1B00CBC2006DC7D7 /* Sources */ = {
			isa = PBXSourcesBuildPhase;
			buildActionMask = 2147483647;
			files = (
				D726D6251B00CBC2006DC7D7 /* supervisionTests.m in Sources */,
			);
			runOnlyForDeploymentPostprocessing = 0;
		};
/* End PBXSourcesBuildPhase section */

/* Begin PBXTargetDependency section */
		D726D6201B00CBC2006DC7D7 /* PBXTargetDependency */ = {
			isa = PBXTargetDependency;
			target = D726D6041B00CBC2006DC7D7 /* supervision */;
			targetProxy = D726D61F1B00CBC2006DC7D7 /* PBXContainerItemProxy */;
		};
/* End PBXTargetDependency section */

/* Begin PBXVariantGroup section */
		D726D6121B00CBC2006DC7D7 /* Main.storyboard */ = {
			isa = PBXVariantGroup;
			children = (
				D726D6131B00CBC2006DC7D7 /* Base */,
			);
			name = Main.storyboard;
			sourceTree = "<group>";
		};
		D726D6171B00CBC2006DC7D7 /* LaunchScreen.xib */ = {
			isa = PBXVariantGroup;
			children = (
				D726D6181B00CBC2006DC7D7 /* Base */,
			);
			name = LaunchScreen.xib;
			sourceTree = "<group>";
		};
/* End PBXVariantGroup section */

/* Begin XCBuildConfiguration section */
		D726D6261B00CBC2006DC7D7 /* Debug */ = {
			isa = XCBuildConfiguration;
			buildSettings = {
				ALWAYS_SEARCH_USER_PATHS = NO;
				CLANG_CXX_LANGUAGE_STANDARD = "gnu++0x";
				CLANG_CXX_LIBRARY = "libc++";
				CLANG_ENABLE_MODULES = YES;
				CLANG_ENABLE_OBJC_ARC = YES;
				CLANG_WARN_BOOL_CONVERSION = YES;
				CLANG_WARN_CONSTANT_CONVERSION = YES;
				CLANG_WARN_DIRECT_OBJC_ISA_USAGE = YES_ERROR;
				CLANG_WARN_EMPTY_BODY = YES;
				CLANG_WARN_ENUM_CONVERSION = YES;
				CLANG_WARN_INT_CONVERSION = YES;
				CLANG_WARN_OBJC_ROOT_CLASS = YES_ERROR;
				CLANG_WARN_UNREACHABLE_CODE = YES;
				CLANG_WARN__DUPLICATE_METHOD_MATCH = YES;
				"CODE_SIGN_IDENTITY[sdk=iphoneos*]" = "iPhone Developer";
				COPY_PHASE_STRIP = NO;
				DEBUG_INFORMATION_FORMAT = "dwarf-with-dsym";
				ENABLE_STRICT_OBJC_MSGSEND = YES;
				GCC_C_LANGUAGE_STANDARD = gnu99;
				GCC_DYNAMIC_NO_PIC = NO;
				GCC_NO_COMMON_BLOCKS = YES;
				GCC_OPTIMIZATION_LEVEL = 0;
				GCC_PREPROCESSOR_DEFINITIONS = (
					"DEBUG=1",
					"$(inherited)",
				);
				GCC_SYMBOLS_PRIVATE_EXTERN = NO;
				GCC_WARN_64_TO_32_BIT_CONVERSION = YES;
				GCC_WARN_ABOUT_RETURN_TYPE = YES_ERROR;
				GCC_WARN_UNDECLARED_SELECTOR = YES;
				GCC_WARN_UNINITIALIZED_AUTOS = YES_AGGRESSIVE;
				GCC_WARN_UNUSED_FUNCTION = YES;
				GCC_WARN_UNUSED_VARIABLE = YES;
				IPHONEOS_DEPLOYMENT_TARGET = 8.3;
				MTL_ENABLE_DEBUG_INFO = YES;
				ONLY_ACTIVE_ARCH = YES;
				SDKROOT = iphoneos;
			};
			name = Debug;
		};
		D726D6271B00CBC2006DC7D7 /* Release */ = {
			isa = XCBuildConfiguration;
			buildSettings = {
				ALWAYS_SEARCH_USER_PATHS = NO;
				CLANG_CXX_LANGUAGE_STANDARD = "gnu++0x";
				CLANG_CXX_LIBRARY = "libc++";
				CLANG_ENABLE_MODULES = YES;
				CLANG_ENABLE_OBJC_ARC = YES;
				CLANG_WARN_BOOL_CONVERSION = YES;
				CLANG_WARN_CONSTANT_CONVERSION = YES;
				CLANG_WARN_DIRECT_OBJC_ISA_USAGE = YES_ERROR;
				CLANG_WARN_EMPTY_BODY = YES;
				CLANG_WARN_ENUM_CONVERSION = YES;
				CLANG_WARN_INT_CONVERSION = YES;
				CLANG_WARN_OBJC_ROOT_CLASS = YES_ERROR;
				CLANG_WARN_UNREACHABLE_CODE = YES;
				CLANG_WARN__DUPLICATE_METHOD_MATCH = YES;
				"CODE_SIGN_IDENTITY[sdk=iphoneos*]" = "iPhone Developer";
				COPY_PHASE_STRIP = NO;
				DEBUG_INFORMATION_FORMAT = "dwarf-with-dsym";
				ENABLE_NS_ASSERTIONS = NO;
				ENABLE_STRICT_OBJC_MSGSEND = YES;
				GCC_C_LANGUAGE_STANDARD = gnu99;
				GCC_NO_COMMON_BLOCKS = YES;
				GCC_WARN_64_TO_32_BIT_CONVERSION = YES;
				GCC_WARN_ABOUT_RETURN_TYPE = YES_ERROR;
				GCC_WARN_UNDECLARED_SELECTOR = YES;
				GCC_WARN_UNINITIALIZED_AUTOS = YES_AGGRESSIVE;
				GCC_WARN_UNUSED_FUNCTION = YES;
				GCC_WARN_UNUSED_VARIABLE = YES;
				IPHONEOS_DEPLOYMENT_TARGET = 8.3;
				MTL_ENABLE_DEBUG_INFO = NO;
				SDKROOT = iphoneos;
				VALIDATE_PRODUCT = YES;
			};
			name = Release;
		};
		D726D6291B00CBC2006DC7D7 /* Debug */ = {
			isa = XCBuildConfiguration;
			buildSettings = {
				ASSETCATALOG_COMPILER_APPICON_NAME = AppIcon;
				INFOPLIST_FILE = supervision/Info.plist;
				IPHONEOS_DEPLOYMENT_TARGET = 8.2;
				LD_RUNPATH_SEARCH_PATHS = "$(inherited) @executable_path/Frameworks";
				PRODUCT_NAME = "$(TARGET_NAME)";
			};
			name = Debug;
		};
		D726D62A1B00CBC2006DC7D7 /* Release */ = {
			isa = XCBuildConfiguration;
			buildSettings = {
				ASSETCATALOG_COMPILER_APPICON_NAME = AppIcon;
				INFOPLIST_FILE = supervision/Info.plist;
				IPHONEOS_DEPLOYMENT_TARGET = 8.2;
				LD_RUNPATH_SEARCH_PATHS = "$(inherited) @executable_path/Frameworks";
				PRODUCT_NAME = "$(TARGET_NAME)";
			};
			name = Release;
		};
		D726D62C1B00CBC2006DC7D7 /* Debug */ = {
			isa = XCBuildConfiguration;
			buildSettings = {
				BUNDLE_LOADER = "$(TEST_HOST)";
				FRAMEWORK_SEARCH_PATHS = (
					"$(SDKROOT)/Developer/Library/Frameworks",
					"$(inherited)",
				);
				GCC_PREPROCESSOR_DEFINITIONS = (
					"DEBUG=1",
					"$(inherited)",
				);
				INFOPLIST_FILE = supervisionTests/Info.plist;
				LD_RUNPATH_SEARCH_PATHS = "$(inherited) @executable_path/Frameworks @loader_path/Frameworks";
				PRODUCT_NAME = "$(TARGET_NAME)";
				TEST_HOST = "$(BUILT_PRODUCTS_DIR)/supervision.app/supervision";
			};
			name = Debug;
		};
		D726D62D1B00CBC2006DC7D7 /* Release */ = {
			isa = XCBuildConfiguration;
			buildSettings = {
				BUNDLE_LOADER = "$(TEST_HOST)";
				FRAMEWORK_SEARCH_PATHS = (
					"$(SDKROOT)/Developer/Library/Frameworks",
					"$(inherited)",
				);
				INFOPLIST_FILE = supervisionTests/Info.plist;
				LD_RUNPATH_SEARCH_PATHS = "$(inherited) @executable_path/Frameworks @loader_path/Frameworks";
				PRODUCT_NAME = "$(TARGET_NAME)";
				TEST_HOST = "$(BUILT_PRODUCTS_DIR)/supervision.app/supervision";
			};
			name = Release;
		};
/* End XCBuildConfiguration section */

/* Begin XCConfigurationList section */
		D726D6001B00CBC2006DC7D7 /* Build configuration list for PBXProject "supervision" */ = {
			isa = XCConfigurationList;
			buildConfigurations = (
				D726D6261B00CBC2006DC7D7 /* Debug */,
				D726D6271B00CBC2006DC7D7 /* Release */,
			);
			defaultConfigurationIsVisible = 0;
			defaultConfigurationName = Release;
		};
		D726D6281B00CBC2006DC7D7 /* Build configuration list for PBXNativeTarget "supervision" */ = {
			isa = XCConfigurationList;
			buildConfigurations = (
				D726D6291B00CBC2006DC7D7 /* Debug */,
				D726D62A1B00CBC2006DC7D7 /* Release */,
			);
			defaultConfigurationIsVisible = 0;
			defaultConfigurationName = Release;
		};
		D726D62B1B00CBC2006DC7D7 /* Build configuration list for PBXNativeTarget "supervisionTests" */ = {
			isa = XCConfigurationList;
			buildConfigurations = (
				D726D62C1B00CBC2006DC7D7 /* Debug */,
				D726D62D1B00CBC2006DC7D7 /* Release */,
			);
			defaultConfigurationIsVisible = 0;
			defaultConfigurationName = Release;
		};
/* End XCConfigurationList section */
	};
	rootObject = D726D5FD1B00CBC2006DC7D7 /* Project object */;
}
